
Microsoft Visual Studio Solution File, Format Version 12.00
# Visual Studio Version 17
VisualStudioVersion = 17.1.32421.90
MinimumVisualStudioVersion = 10.0.40219.1
Project("{FAE04EC0-301F-11D3-BF4B-00C04F79EFBC}") = "PairProgramming7", "PairProgramming7\PairProgramming7.csproj", "{D96F436C-E05C-4A75-B65B-2434042CF6E6}"
EndProject
Global
	GlobalSection(SolutionConfigurationPlatforms) = preSolution
		Debug|Any CPU = Debug|Any CPU
		Release|Any CPU = Release|Any CPU
	EndGlobalSection
	GlobalSection(ProjectConfigurationPlatforms) = postSolution
		{D96F436C-E05C-4A75-B65B-2434042CF6E6}.Debug|Any CPU.ActiveCfg = Debug|Any CPU
		{D96F436C-E05C-4A75-B65B-2434042CF6E6}.Debug|Any CPU.Build.0 = Debug|Any CPU
		{D96F436C-E05C-4A75-B65B-2434042CF6E6}.Release|Any CPU.ActiveCfg = Release|Any CPU
		{D96F436C-E05C-4A75-B65B-2434042CF6E6}.Release|Any CPU.Build.0 = Release|Any CPU
	EndGlobalSection
	GlobalSection(SolutionProperties) = preSolution
		HideSolutionNode = FALSE
	EndGlobalSection
	GlobalSection(ExtensibilityGlobals) = postSolution
		SolutionGuid = {E12CF5B4-5312-43F7-BD7A-6ECCD15C0392}
	EndGlobalSection
EndGlobal
